
Microsoft Visual Studio Solution File, Format Version 12.00
# Visual Studio Version 17
VisualStudioVersion = 17.11.35327.3
MinimumVisualStudioVersion = 10.0.40219.1
Project("{FAE04EC0-301F-11D3-BF4B-00C04F79EFBC}") = "InterArt Backend", "InterArt\InterArt Backend.csproj", "{8CABC685-8ECE-408B-A623-8CA7F2E4ECE8}"
EndProject
Project("{FAE04EC0-301F-11D3-BF4B-00C04F79EFBC}") = "FrontEnd", "FrontEnd\FrontEnd\FrontEnd.csproj", "{26FA64BF-6B33-4E4D-BAED-EF47BDFE5393}"
EndProject
Project("{FAE04EC0-301F-11D3-BF4B-00C04F79EFBC}") = "FrontEnd.Client", "FrontEnd\FrontEnd.Client\FrontEnd.Client.csproj", "{8CA247BE-4C91-4545-A33D-B7C0CE2E53A3}"
EndProject
Global
	GlobalSection(SolutionConfigurationPlatforms) = preSolution
		Debug|Any CPU = Debug|Any CPU
		Release|Any CPU = Release|Any CPU
	EndGlobalSection
	GlobalSection(ProjectConfigurationPlatforms) = postSolution
		{8CABC685-8ECE-408B-A623-8CA7F2E4ECE8}.Debug|Any CPU.ActiveCfg = Debug|Any CPU
		{8CABC685-8ECE-408B-A623-8CA7F2E4ECE8}.Debug|Any CPU.Build.0 = Debug|Any CPU
		{8CABC685-8ECE-408B-A623-8CA7F2E4ECE8}.Release|Any CPU.ActiveCfg = Release|Any CPU
		{8CABC685-8ECE-408B-A623-8CA7F2E4ECE8}.Release|Any CPU.Build.0 = Release|Any CPU
		{26FA64BF-6B33-4E4D-BAED-EF47BDFE5393}.Debug|Any CPU.ActiveCfg = Debug|Any CPU
		{26FA64BF-6B33-4E4D-BAED-EF47BDFE5393}.Debug|Any CPU.Build.0 = Debug|Any CPU
		{26FA64BF-6B33-4E4D-BAED-EF47BDFE5393}.Release|Any CPU.ActiveCfg = Release|Any CPU
		{26FA64BF-6B33-4E4D-BAED-EF47BDFE5393}.Release|Any CPU.Build.0 = Release|Any CPU
		{8CA247BE-4C91-4545-A33D-B7C0CE2E53A3}.Debug|Any CPU.ActiveCfg = Debug|Any CPU
		{8CA247BE-4C91-4545-A33D-B7C0CE2E53A3}.Debug|Any CPU.Build.0 = Debug|Any CPU
		{8CA247BE-4C91-4545-A33D-B7C0CE2E53A3}.Release|Any CPU.ActiveCfg = Release|Any CPU
		{8CA247BE-4C91-4545-A33D-B7C0CE2E53A3}.Release|Any CPU.Build.0 = Release|Any CPU
	EndGlobalSection
	GlobalSection(SolutionProperties) = preSolution
		HideSolutionNode = FALSE
	EndGlobalSection
	GlobalSection(ExtensibilityGlobals) = postSolution
		SolutionGuid = {9565D133-27AC-4F4F-B5E1-70812CCE2041}
	EndGlobalSection
EndGlobal
