Microsoft Visual Studio Solution File, Format Version 12.00
# Visual Studio Version 17
VisualStudioVersion = 17.5.2.0
MinimumVisualStudioVersion = 10.0.40219.1
Project("{FAE04EC0-301F-11D3-BF4B-00C04F79EFBC}") = "InterArt Backend", "InterArt Backend.csproj", "{B51FBC75-6D74-5CCF-A27E-769B57235757}"
EndProject
Global
	GlobalSection(SolutionConfigurationPlatforms) = preSolution
		Debug|Any CPU = Debug|Any CPU
		Release|Any CPU = Release|Any CPU
	EndGlobalSection
	GlobalSection(ProjectConfigurationPlatforms) = postSolution
		{B51FBC75-6D74-5CCF-A27E-769B57235757}.Debug|Any CPU.ActiveCfg = Debug|Any CPU
		{B51FBC75-6D74-5CCF-A27E-769B57235757}.Debug|Any CPU.Build.0 = Debug|Any CPU
		{B51FBC75-6D74-5CCF-A27E-769B57235757}.Release|Any CPU.ActiveCfg = Release|Any CPU
		{B51FBC75-6D74-5CCF-A27E-769B57235757}.Release|Any CPU.Build.0 = Release|Any CPU
	EndGlobalSection
	GlobalSection(SolutionProperties) = preSolution
		HideSolutionNode = FALSE
	EndGlobalSection
	GlobalSection(ExtensibilityGlobals) = postSolution
		SolutionGuid = {5BBC8FF9-94C9-41E8-A503-CFBA6767BE56}
	EndGlobalSection
EndGlobal
